
Microsoft Visual Studio Solution File, Format Version 12.00
# Visual Studio Version 17
VisualStudioVersion = 17.3.32929.385
MinimumVisualStudioVersion = 10.0.40219.1
Project("{FAE04EC0-301F-11D3-BF4B-00C04F79EFBC}") = "Luyentap3", "Luyentap3.csproj", "{2F73B248-5A47-434F-8FB6-8B68FA5039FE}"
EndProject
Global
	GlobalSection(SolutionConfigurationPlatforms) = preSolution
		Debug|Any CPU = Debug|Any CPU
		Release|Any CPU = Release|Any CPU
	EndGlobalSection
	GlobalSection(ProjectConfigurationPlatforms) = postSolution
		{2F73B248-5A47-434F-8FB6-8B68FA5039FE}.Debug|Any CPU.ActiveCfg = Debug|Any CPU
		{2F73B248-5A47-434F-8FB6-8B68FA5039FE}.Debug|Any CPU.Build.0 = Debug|Any CPU
		{2F73B248-5A47-434F-8FB6-8B68FA5039FE}.Release|Any CPU.ActiveCfg = Release|Any CPU
		{2F73B248-5A47-434F-8FB6-8B68FA5039FE}.Release|Any CPU.Build.0 = Release|Any CPU
	EndGlobalSection
	GlobalSection(SolutionProperties) = preSolution
		HideSolutionNode = FALSE
	EndGlobalSection
	GlobalSection(ExtensibilityGlobals) = postSolution
		SolutionGuid = {6C6AAAE7-2392-40E0-A23D-4BDD6AD2E8AC}
	EndGlobalSection
EndGlobal
